
Microsoft Visual Studio Solution File, Format Version 12.00
# Visual Studio 15
VisualStudioVersion = 15.0.27428.2037
MinimumVisualStudioVersion = 10.0.40219.1
Project("{8BC9CEB8-8B4A-11D0-8D11-00A0C91BC942}") = "Exceptional", "CST136SRS01\CST136SRS01.vcxproj", "{FE257034-A4A2-4097-8B58-C4756801C780}"
EndProject
Project("{2150E333-8FDC-42A3-9474-1A3956D46DE8}") = "Solution Items", "Solution Items", "{F33348F6-B6CB-494E-8347-AB32587BA5A6}"
	ProjectSection(SolutionItems) = preProject
		README.md = README.md
	EndProjectSection
EndProject
Global
	GlobalSection(SolutionConfigurationPlatforms) = preSolution
		Debug|x64 = Debug|x64
		Debug|x86 = Debug|x86
		Release|x64 = Release|x64
		Release|x86 = Release|x86
	EndGlobalSection
	GlobalSection(ProjectConfigurationPlatforms) = postSolution
		{FE257034-A4A2-4097-8B58-C4756801C780}.Debug|x64.ActiveCfg = Debug|x64
		{FE257034-A4A2-4097-8B58-C4756801C780}.Debug|x64.Build.0 = Debug|x64
		{FE257034-A4A2-4097-8B58-C4756801C780}.Debug|x86.ActiveCfg = Debug|Win32
		{FE257034-A4A2-4097-8B58-C4756801C780}.Debug|x86.Build.0 = Debug|Win32
		{FE257034-A4A2-4097-8B58-C4756801C780}.Release|x64.ActiveCfg = Release|x64
		{FE257034-A4A2-4097-8B58-C4756801C780}.Release|x64.Build.0 = Release|x64
		{FE257034-A4A2-4097-8B58-C4756801C780}.Release|x86.ActiveCfg = Release|Win32
		{FE257034-A4A2-4097-8B58-C4756801C780}.Release|x86.Build.0 = Release|Win32
	EndGlobalSection
	GlobalSection(SolutionProperties) = preSolution
		HideSolutionNode = FALSE
	EndGlobalSection
	GlobalSection(ExtensibilityGlobals) = postSolution
		SolutionGuid = {2DA17B64-9D37-48E6-939C-117ADC1C522D}
	EndGlobalSection
EndGlobal
